{
  "object": {
    "pins": [
      {
        "package": "Kingfisher",
        "repositoryURL": "https://github.com/onevcat/Kingfisher",
        "state": {
          "branch": "master",
          "revision": "1897586f01041d6ddc025714be156aee2d79509d",
          "version": null
        }
      }
    ]
  },
  "version": 1
}
